hash: 15b35ef3599660f9fac8e0c1135d0d51743d415e6ce3056b48d7b42ca4774992
updated: 2018-03-06T11:46:14.3863235+09:00
imports:
- name: github.com/armon/go-metrics
  version: 783273d703149aaeb9897cf58613d5af48861c25
- name: github.com/go-log/log
  version: 37e2e1f19306361e1fc152a1839f1236149cb4e4
  subpackages:
  - log
- name: github.com/golang/protobuf
  version: bbd03ef6da3a115852eaf24c8a1c46aeb39aa175
  subpackages:
  - proto
- name: github.com/hashicorp/consul
  version: 257ad520f281250a30e8726f329bc88f172624e3
  subpackages:
  - api
  - watch
- name: github.com/hashicorp/go-cleanhttp
  version: d5fe4b57a186c716b0e00b8c301cbd9b4182694d
- name: github.com/hashicorp/go-immutable-radix
  version: 7f3cd4390caab3250a57f30efdb2a65dd7649ecf
- name: github.com/hashicorp/go-rootcerts
  version: 6bb64b370b90e7ef1fa532be9e591a81c3493e00
- name: github.com/hashicorp/golang-lru
  version: 0fb14efe8c47ae851c0034ed7a448854d3d34cf3
  subpackages:
  - simplelru
- name: github.com/hashicorp/serf
  version: 3b250ce4404edb266330f53fcfc8ad0d0dacfae7
  subpackages:
  - coordinate
- name: github.com/ilovelili/fixdecoder
  version: 36b411900b885148c83bfdffb441f4d8728e1cbb
- name: github.com/micro/cli
  version: 3d2263bb092286dde294a31049c92665f8373820
- name: github.com/micro/go-log
  version: cbfa9447f9b655f8e66583237e51f40ca9bff860
- name: github.com/micro/go-micro
  version: 6246fa2bcb781619ab295df972a65f092124a8df
  subpackages:
  - broker
  - broker/codec
  - broker/codec/json
  - broker/http
  - client
  - cmd
  - codec
  - codec/jsonrpc
  - codec/protorpc
  - errors
  - metadata
  - registry
  - registry/consul
  - registry/mdns
  - selector
  - selector/cache
  - server
  - server/debug
  - server/debug/proto
  - transport
  - transport/codec
  - transport/codec/json
  - transport/http
- name: github.com/micro/go-plugins
  version: 146b5ea4a2542936c31bdc98cb44fe8d9ea15ce9
  subpackages:
  - broker/nats
  - registry/nats
  - transport/nats
- name: github.com/micro/go-rcache
  version: c4d553f1c37857cdc6d5385e83b6946deed488e4
- name: github.com/micro/mdns
  version: cdf30746f9f70dc7a366d3d885792a092fd83102
- name: github.com/micro/micro
  version: 406377748866cf577bdacc1a8bc3f1b641f24246
  subpackages:
  - car
- name: github.com/micro/misc
  version: 7c73dd51fc3d72219cd448163ebf27ed856fe262
  subpackages:
  - lib/addr
  - lib/net
  - lib/tls
- name: github.com/micro/protobuf
  version: a14899f0b79a7222e8dacce6e60b5b1086351332
  subpackages:
  - proto
  - protoc-gen-go
- name: github.com/miekg/dns
  version: 906238edc6eb0ddface4a1923f6d41ef2a5ca59b
- name: github.com/mitchellh/go-homedir
  version: b8bc1bf767474819792c23f32d8286a45736f1c6
- name: github.com/mitchellh/hashstructure
  version: 2bca23e0e452137f789efbc8610126fd8b94f73b
- name: github.com/mitchellh/mapstructure
  version: 00c29f56e2386353d58c599509e8dc3801b0d716
- name: github.com/nats-io/go-nats
  version: bfca8afbfcc12e4e1642de90b1d2f6d5758c7717
  subpackages:
  - encoders/builtin
  - util
- name: github.com/nats-io/nats
  version: bfca8afbfcc12e4e1642de90b1d2f6d5758c7717
- name: github.com/nats-io/nats-top
  version: 1c2a6920a922e64d3ba1f1ddca4db33e4ed24231
- name: github.com/nats-io/nuid
  version: 33c603157d6fd1b0ac2599bcc4a286b36479a06d
- name: github.com/pborman/uuid
  version: c65b2f87fee37d1c7854c9164a450713c28d50cd
- name: github.com/pkg/errors
  version: 30136e27e2ac8d167177e8a583aa4c3fea5be833
- name: github.com/pusher-community/pusher-websocket-go
  version: d33b2ac886afad95e380123908bcb9c6c52459ae
- name: github.com/quickfixgo/enum
  version: 2cbed3730c3e92412b9a346fe45b5ddb1a9393da
- name: github.com/quickfixgo/field
  version: 74cea5ec78c70d357fb1ca68dfb26e299a28bbd0
- name: github.com/quickfixgo/fix44
  version: f090a100621863abecaa6cd783811e8bea211370
  subpackages:
  - marketdatarequest
- name: github.com/quickfixgo/quickfix
  version: ab7c7c42ac04d988446be5f667afc2ac5a71a7aa
  subpackages:
  - config
  - datadictionary
  - internal
- name: github.com/quickfixgo/tag
  version: cbb4657605213a387c5ec1534192671a92c825c3
- name: github.com/shopspring/decimal
  version: 69b3a8ad1f5f2c8bd855cb6506d18593064a346b
- name: github.com/Sirupsen/logrus
  version: f4ee69125072b22721efbe639bd0da9c9d19b8cc
- name: github.com/tidwall/gjson
  version: 9ed3f8e1a5d67a79157423b8d6f448d42b907f36
- name: github.com/tidwall/match
  version: 1731857f09b1f38450e2c12409748407822dc6be
- name: golang.org/x/crypto
  version: 91a49db82a88618983a78a06c1cbd4e00ab749ab
  subpackages:
  - ed25519
  - ed25519/internal/edwards25519
  - ssh/terminal
- name: golang.org/x/net
  version: 22ae77b79946ea320088417e4d50825671d82d57
  subpackages:
  - bpf
  - context
  - internal/iana
  - internal/socket
  - ipv4
  - ipv6
- name: golang.org/x/sys
  version: dd2ff4accc098aceecb86b36eaa7829b2a17b1c9
  subpackages:
  - unix
  - windows
- name: google.golang.org/grpc
  version: 7c5299d71e2b8d403195f6071eecea690bf5622a
  subpackages:
  - metadata
testImports: []
