hash: 3c40278cf9d7f794266df3b676f366d639dd43686ab1a16b066f999a1a056c4a
updated: 2018-03-01T10:16:52.503767457+09:00
imports:
- name: github.com/armon/go-metrics
  version: 783273d703149aaeb9897cf58613d5af48861c25
- name: github.com/go-log/log
  version: 37e2e1f19306361e1fc152a1839f1236149cb4e4
  subpackages:
  - log
- name: github.com/golang/protobuf
  version: bbd03ef6da3a115852eaf24c8a1c46aeb39aa175
  subpackages:
  - proto
- name: github.com/gorilla/context
  version: 08b5f424b9271eedf6f9f0ce86cb9396ed337a42
- name: github.com/gorilla/handlers
  version: 90663712d74cb411cbef281bc1e08c19d1a76145
- name: github.com/gorilla/mux
  version: 07ba1fd60e210dc5cc6f86ec25dc9ecc7c95c295
- name: github.com/gorilla/websocket
  version: f37d1588608ec036fa9b0b7b8afbde47dc06aea9
- name: github.com/hashicorp/consul
  version: 732e0c3bb4ad5e604b35d013b1dac69a7de7eed1
  subpackages:
  - api
  - watch
- name: github.com/hashicorp/go-cleanhttp
  version: d5fe4b57a186c716b0e00b8c301cbd9b4182694d
- name: github.com/hashicorp/go-immutable-radix
  version: 7f3cd4390caab3250a57f30efdb2a65dd7649ecf
- name: github.com/hashicorp/go-rootcerts
  version: 6bb64b370b90e7ef1fa532be9e591a81c3493e00
- name: github.com/hashicorp/golang-lru
  version: 0fb14efe8c47ae851c0034ed7a448854d3d34cf3
  subpackages:
  - simplelru
- name: github.com/hashicorp/serf
  version: 3b250ce4404edb266330f53fcfc8ad0d0dacfae7
  subpackages:
  - coordinate
- name: github.com/ilovelili/fixdecoder
  version: d01c6de2cffb793222a7f57e2811f6569d76d595
- name: github.com/micro/cli
  version: 3d2263bb092286dde294a31049c92665f8373820
- name: github.com/micro/go-api
  version: 7cbd5067085f06c09ea3193d01dae932cbc84f83
  subpackages:
  - handler
  - handler/event
  - proto
  - router
  - server
- name: github.com/micro/go-log
  version: cbfa9447f9b655f8e66583237e51f40ca9bff860
- name: github.com/micro/go-micro
  version: d0d9582b81e3944edca78b1db6ed9619d0729cee
  subpackages:
  - broker
  - broker/codec
  - broker/codec/json
  - broker/http
  - client
  - cmd
  - codec
  - codec/jsonrpc
  - codec/protorpc
  - errors
  - metadata
  - registry
  - registry/consul
  - registry/mdns
  - selector
  - selector/cache
  - server
  - server/debug
  - server/debug/proto
  - transport
  - transport/codec
  - transport/codec/json
  - transport/http
- name: github.com/micro/go-plugins
  version: e5c92c6c5986c6d07c44a309d061e7c377e4b5a4
  subpackages:
  - broker/nats
  - registry/nats
  - transport/nats
- name: github.com/micro/go-rcache
  version: c4d553f1c37857cdc6d5385e83b6946deed488e4
- name: github.com/micro/mdns
  version: cdf30746f9f70dc7a366d3d885792a092fd83102
- name: github.com/micro/micro
  version: ea2135649dbbf486850b44b661cfccb1069992c8
  subpackages:
  - api/proto
  - car
  - internal/handler
  - internal/handler/proto
  - internal/helper
  - internal/stats
  - plugin
  - web
- name: github.com/micro/misc
  version: 92560176a0866e3584c13e7ff7d4747c5bf793f7
  subpackages:
  - lib/addr
  - lib/ctx
  - lib/net
  - lib/tls
- name: github.com/micro/protobuf
  version: a14899f0b79a7222e8dacce6e60b5b1086351332
  subpackages:
  - proto
  - protoc-gen-go
- name: github.com/miekg/dns
  version: 4d25966dce20f4d309cc5d540c38d55349074697
- name: github.com/mitchellh/go-homedir
  version: b8bc1bf767474819792c23f32d8286a45736f1c6
- name: github.com/mitchellh/hashstructure
  version: 2bca23e0e452137f789efbc8610126fd8b94f73b
- name: github.com/mitchellh/mapstructure
  version: 00c29f56e2386353d58c599509e8dc3801b0d716
- name: github.com/nats-io/go-nats
  version: 45807e531de8720a18260ea6a352378677c21eab
  subpackages:
  - encoders/builtin
  - util
- name: github.com/nats-io/nats
  version: 45807e531de8720a18260ea6a352378677c21eab
- name: github.com/nats-io/nats-top
  version: 1c2a6920a922e64d3ba1f1ddca4db33e4ed24231
- name: github.com/nats-io/nuid
  version: 33c603157d6fd1b0ac2599bcc4a286b36479a06d
- name: github.com/pborman/uuid
  version: c65b2f87fee37d1c7854c9164a450713c28d50cd
- name: github.com/pkg/errors
  version: 30136e27e2ac8d167177e8a583aa4c3fea5be833
- name: github.com/pusher-community/pusher-websocket-go
  version: d33b2ac886afad95e380123908bcb9c6c52459ae
- name: github.com/quickfixgo/enum
  version: 2cbed3730c3e92412b9a346fe45b5ddb1a9393da
- name: github.com/quickfixgo/field
  version: 74cea5ec78c70d357fb1ca68dfb26e299a28bbd0
- name: github.com/quickfixgo/fix44
  version: f090a100621863abecaa6cd783811e8bea211370
  subpackages:
  - marketdatarequest
- name: github.com/quickfixgo/quickfix
  version: ab7c7c42ac04d988446be5f667afc2ac5a71a7aa
  subpackages:
  - config
  - datadictionary
  - internal
- name: github.com/quickfixgo/tag
  version: cbb4657605213a387c5ec1534192671a92c825c3
- name: github.com/serenize/snaker
  version: a683aaf2d516deecd70cad0c72e3ca773ecfcef0
- name: github.com/shopspring/decimal
  version: e3482495ff4cba75613e4177ed79825c890058a9
- name: github.com/Sirupsen/logrus
  version: 8c0189d9f6bbf301e5d055d34268156b317016af
- name: github.com/tidwall/gjson
  version: 01f00f129617a6fe98941fb920d6c760241b54d2
- name: github.com/tidwall/match
  version: 1731857f09b1f38450e2c12409748407822dc6be
- name: golang.org/x/crypto
  version: 8c653846df49742c4c85ec37e5d9f8d3ba657895
  subpackages:
  - acme
  - acme/autocert
  - ed25519
  - ed25519/internal/edwards25519
  - ssh/terminal
- name: golang.org/x/net
  version: cbe0f9307d0156177f9dd5dc85da1a31abc5f2fb
  subpackages:
  - bpf
  - context
  - internal/iana
  - internal/socket
  - ipv4
  - ipv6
- name: golang.org/x/sys
  version: f6cff0780e542efa0c8e864dc8fa522808f6a598
  subpackages:
  - unix
  - windows
- name: google.golang.org/grpc
  version: a1de3b2bd6b8fd77f27fe5e1c30484ab7503e84d
  subpackages:
  - metadata
testImports: []
